
Microsoft Visual Studio Solution File, Format Version 12.00
# Visual Studio Version 16
VisualStudioVersion = 16.0.30611.23
MinimumVisualStudioVersion = 10.0.40219.1
Project("{9A19103F-16F7-4668-BE54-9A1E7A4F7556}") = "RobertsXmlTransformer", "RobertsXmlTransformer\RobertsXmlTransformer.csproj", "{763C787C-C10A-456F-9A1C-1E0892F2D0BB}"
EndProject
Project("{9A19103F-16F7-4668-BE54-9A1E7A4F7556}") = "RobertsXmlTransformerTests", "RobertsXmlTransformerTests\RobertsXmlTransformerTests.csproj", "{3CF77D17-259B-48D7-8365-7F6F92219FB8}"
EndProject
Project("{2150E333-8FDC-42A3-9474-1A3956D46DE8}") = "Solution Items", "Solution Items", "{7D72D854-5D9A-44B7-8C40-5FC721D825B1}"
	ProjectSection(SolutionItems) = preProject
		LICENSE.txt = LICENSE.txt
		README.md = README.md
	EndProjectSection
EndProject
Global
	GlobalSection(SolutionConfigurationPlatforms) = preSolution
		Debug|Any CPU = Debug|Any CPU
		Release|Any CPU = Release|Any CPU
	EndGlobalSection
	GlobalSection(ProjectConfigurationPlatforms) = postSolution
		{763C787C-C10A-456F-9A1C-1E0892F2D0BB}.Debug|Any CPU.ActiveCfg = Debug|Any CPU
		{763C787C-C10A-456F-9A1C-1E0892F2D0BB}.Debug|Any CPU.Build.0 = Debug|Any CPU
		{763C787C-C10A-456F-9A1C-1E0892F2D0BB}.Release|Any CPU.ActiveCfg = Release|Any CPU
		{763C787C-C10A-456F-9A1C-1E0892F2D0BB}.Release|Any CPU.Build.0 = Release|Any CPU
		{3CF77D17-259B-48D7-8365-7F6F92219FB8}.Debug|Any CPU.ActiveCfg = Debug|Any CPU
		{3CF77D17-259B-48D7-8365-7F6F92219FB8}.Debug|Any CPU.Build.0 = Debug|Any CPU
		{3CF77D17-259B-48D7-8365-7F6F92219FB8}.Release|Any CPU.ActiveCfg = Release|Any CPU
		{3CF77D17-259B-48D7-8365-7F6F92219FB8}.Release|Any CPU.Build.0 = Release|Any CPU
	EndGlobalSection
	GlobalSection(SolutionProperties) = preSolution
		HideSolutionNode = FALSE
	EndGlobalSection
	GlobalSection(ExtensibilityGlobals) = postSolution
		SolutionGuid = {8E39195D-94A2-4B93-9BE2-CF637F7D0C12}
	EndGlobalSection
EndGlobal
